// !$*UTF8*$!
{
	archiveVersion = 1;
	classes = {
	};
	objectVersion = 50;
	objects = {

/* Begin PBXBuildFile section */
		ADA18DB0213E7EFE00E3ACBB /* AppDelegate.swift in Sources */ = {isa = PBXBuildFile; fileRef = ADA18DAF213E7EFE00E3ACBB /* AppDelegate.swift */; };
		ADA18DB2213E7EFE00E3ACBB /* ViewController.swift in Sources */ = {isa = PBXBuildFile; fileRef = ADA18DB1213E7EFE00E3ACBB /* ViewController.swift */; };
		ADA18DB5213E7EFE00E3ACBB /* Main.storyboard in Resources */ = {isa = PBXBuildFile; fileRef = ADA18DB3213E7EFE00E3ACBB /* Main.storyboard */; };
		ADA18DB7213E7F0000E3ACBB /* Assets.xcassets in Resources */ = {isa = PBXBuildFile; fileRef = ADA18DB6213E7F0000E3ACBB /* Assets.xcassets */; };
		ADA18DBA213E7F0000E3ACBB /* LaunchScreen.storyboard in Resources */ = {isa = PBXBuildFile; fileRef = ADA18DB8213E7F0000E3ACBB /* LaunchScreen.storyboard */; };
		ADA18DC2213E831600E3ACBB /* Shape.swift in Sources */ = {isa = PBXBuildFile; fileRef = ADA18DC1213E831600E3ACBB /* Shape.swift */; };
/* End PBXBuildFile section */

/* Begin PBXFileReference section */
		ADA18DAC213E7EFE00E3ACBB /* AnimateBlob.app */ = {isa = PBXFileReference; explicitFileType = wrapper.application; includeInIndex = 0; path = AnimateBlob.app; sourceTree = BUILT_PRODUCTS_DIR; };
		ADA18DAF213E7EFE00E3ACBB /* AppDelegate.swift */ = {isa = PBXFileReference; lastKnownFileType = sourcecode.swift; path = AppDelegate.swift; sourceTree = "<group>"; };
		ADA18DB1213E7EFE00E3ACBB /* ViewController.swift */ = {isa = PBXFileReference; lastKnownFileType = sourcecode.swift; path = ViewController.swift; sourceTree = "<group>"; };
		ADA18DB4213E7EFE00E3ACBB /* Base */ = {isa = PBXFileReference; lastKnownFileType = file.storyboard; name = Base; path = Base.lproj/Main.storyboard; sourceTree = "<group>"; };
		ADA18DB6213E7F0000E3ACBB /* Assets.xcassets */ = {isa = PBXFileReference; lastKnownFileType = folder.assetcatalog; path = Assets.xcassets; sourceTree = "<group>"; };
		ADA18DB9213E7F0000E3ACBB /* Base */ = {isa = PBXFileReference; lastKnownFileType = file.storyboard; name = Base; path = Base.lproj/LaunchScreen.storyboard; sourceTree = "<group>"; };
		ADA18DBB213E7F0000E3ACBB /* Info.plist */ = {isa = PBXFileReference; lastKnownFileType = text.plist.xml; path = Info.plist; sourceTree = "<group>"; };
		ADA18DC1213E831600E3ACBB /* Shape.swift */ = {isa = PBXFileReference; lastKnownFileType = sourcecode.swift; path = Shape.swift; sourceTree = "<group>"; };
/* End PBXFileReference section */

/* Begin PBXFrameworksBuildPhase section */
		ADA18DA9213E7EFE00E3ACBB /* Frameworks */ = {
			isa = PBXFrameworksBuildPhase;
			buildActionMask = 2147483647;
			files = (
			);
			runOnlyForDeploymentPostprocessing = 0;
		};
/* End PBXFrameworksBuildPhase section */

/* Begin PBXGroup section */
		ADA18DA3213E7EFE00E3ACBB = {
			isa = PBXGroup;
			children = (
				ADA18DAE213E7EFE00E3ACBB /* AnimateBlob */,
				ADA18DAD213E7EFE00E3ACBB /* Products */,
			);
			sourceTree = "<group>";
		};
		ADA18DAD213E7EFE00E3ACBB /* Products */ = {
			isa = PBXGroup;
			children = (
				ADA18DAC213E7EFE00E3ACBB /* AnimateBlob.app */,
			);
			name = Products;
			sourceTree = "<group>";
		};
		ADA18DAE213E7EFE00E3ACBB /* AnimateBlob */ = {
			isa = PBXGroup;
			children = (
				ADA18DAF213E7EFE00E3ACBB /* AppDelegate.swift */,
				ADA18DB1213E7EFE00E3ACBB /* ViewController.swift */,
				ADA18DB3213E7EFE00E3ACBB /* Main.storyboard */,
				ADA18DB6213E7F0000E3ACBB /* Assets.xcassets */,
				ADA18DB8213E7F0000E3ACBB /* LaunchScreen.storyboard */,
				ADA18DBB213E7F0000E3ACBB /* Info.plist */,
				ADA18DC1213E831600E3ACBB /* Shape.swift */,
			);
			path = AnimateBlob;
			sourceTree = "<group>";
		};
/* End PBXGroup section */

/* Begin PBXNativeTarget section */
		ADA18DAB213E7EFE00E3ACBB /* AnimateBlob */ = {
			isa = PBXNativeTarget;
			buildConfigurationList = ADA18DBE213E7F0000E3ACBB /* Build configuration list for PBXNativeTarget "AnimateBlob" */;
			buildPhases = (
				ADA18DA8213E7EFE00E3ACBB /* Sources */,
				ADA18DA9213E7EFE00E3ACBB /* Frameworks */,
				ADA18DAA213E7EFE00E3ACBB /* Resources */,
			);
			buildRules = (
			);
			dependencies = (
			);
			name = AnimateBlob;
			productName = AnimateBlob;
			productReference = ADA18DAC213E7EFE00E3ACBB /* AnimateBlob.app */;
			productType = "com.apple.product-type.application";
		};
/* End PBXNativeTarget section */

/* Begin PBXProject section */
		ADA18DA4213E7EFE00E3ACBB /* Project object */ = {
			isa = PBXProject;
			attributes = {
				LastSwiftUpdateCheck = 0940;
				LastUpgradeCheck = 0940;
				ORGANIZATIONNAME = "Sudhanshu Sudhanshu";
				TargetAttributes = {
					ADA18DAB213E7EFE00E3ACBB = {
						CreatedOnToolsVersion = 9.4.1;
					};
				};
			};
			buildConfigurationList = ADA18DA7213E7EFE00E3ACBB /* Build configuration list for PBXProject "AnimateBlob" */;
			compatibilityVersion = "Xcode 9.3";
			developmentRegion = en;
			hasScannedForEncodings = 0;
			knownRegions = (
				en,
				Base,
			);
			mainGroup = ADA18DA3213E7EFE00E3ACBB;
			productRefGroup = ADA18DAD213E7EFE00E3ACBB /* Products */;
			projectDirPath = "";
			projectRoot = "";
			targets = (
				ADA18DAB213E7EFE00E3ACBB /* AnimateBlob */,
			);
		};
/* End PBXProject section */

/* Begin PBXResourcesBuildPhase section */
		ADA18DAA213E7EFE00E3ACBB /* Resources */ = {
			isa = PBXResourcesBuildPhase;
			buildActionMask = 2147483647;
			files = (
				ADA18DBA213E7F0000E3ACBB /* LaunchScreen.storyboard in Resources */,
				ADA18DB7213E7F0000E3ACBB /* Assets.xcassets in Resources */,
				ADA18DB5213E7EFE00E3ACBB /* Main.storyboard in Resources */,
			);
			runOnlyForDeploymentPostprocessing = 0;
		};
/* End PBXResourcesBuildPhase section */

/* Begin PBXSourcesBuildPhase section */
		ADA18DA8213E7EFE00E3ACBB /* Sources */ = {
			isa = PBXSourcesBuildPhase;
			buildActionMask = 2147483647;
			files = (
				ADA18DB2213E7EFE00E3ACBB /* ViewController.swift in Sources */,
				ADA18DC2213E831600E3ACBB /* Shape.swift in Sources */,
				ADA18DB0213E7EFE00E3ACBB /* AppDelegate.swift in Sources */,
			);
			runOnlyForDeploymentPostprocessing = 0;
		};
/* End PBXSourcesBuildPhase section */

/* Begin PBXVariantGroup section */
		ADA18DB3213E7EFE00E3ACBB /* Main.storyboard */ = {
			isa = PBXVariantGroup;
			children = (
				ADA18DB4213E7EFE00E3ACBB /* Base */,
			);
			name = Main.storyboard;
			sourceTree = "<group>";
		};
		ADA18DB8213E7F0000E3ACBB /* LaunchScreen.storyboard */ = {
			isa = PBXVariantGroup;
			children = (
				ADA18DB9213E7F0000E3ACBB /* Base */,
			);
			name = LaunchScreen.storyboard;
			sourceTree = "<group>";
		};
/* End PBXVariantGroup section */

/* Begin XCBuildConfiguration section */
		ADA18DBC213E7F0000E3ACBB /* Debug */ = {
			isa = XCBuildConfiguration;
			buildSettings = {
				ALWAYS_SEARCH_USER_PATHS = NO;
				CLANG_ANALYZER_NONNULL = YES;
				CLANG_ANALYZER_NUMBER_OBJECT_CONVERSION = YES_AGGRESSIVE;
				CLANG_CXX_LANGUAGE_STANDARD = "gnu++14";
				CLANG_CXX_LIBRARY = "libc++";
				CLANG_ENABLE_MODULES = YES;
				CLANG_ENABLE_OBJC_ARC = YES;
				CLANG_ENABLE_OBJC_WEAK = YES;
				CLANG_WARN_BLOCK_CAPTURE_AUTORELEASING = YES;
				CLANG_WARN_BOOL_CONVERSION = YES;
				CLANG_WARN_COMMA = YES;
				CLANG_WARN_CONSTANT_CONVERSION = YES;
				CLANG_WARN_DEPRECATED_OBJC_IMPLEMENTATIONS = YES;
				CLANG_WARN_DIRECT_OBJC_ISA_USAGE = YES_ERROR;
				CLANG_WARN_DOCUMENTATION_COMMENTS = YES;
				CLANG_WARN_EMPTY_BODY = YES;
				CLANG_WARN_ENUM_CONVERSION = YES;
				CLANG_WARN_INFINITE_RECURSION = YES;
				CLANG_WARN_INT_CONVERSION = YES;
				CLANG_WARN_NON_LITERAL_NULL_CONVERSION = YES;
				CLANG_WARN_OBJC_IMPLICIT_RETAIN_SELF = YES;
				CLANG_WARN_OBJC_LITERAL_CONVERSION = YES;
				CLANG_WARN_OBJC_ROOT_CLASS = YES_ERROR;
				CLANG_WARN_RANGE_LOOP_ANALYSIS = YES;
				CLANG_WARN_STRICT_PROTOTYPES = YES;
				CLANG_WARN_SUSPICIOUS_MOVE = YES;
				CLANG_WARN_UNGUARDED_AVAILABILITY = YES_AGGRESSIVE;
				CLANG_WARN_UNREACHABLE_CODE = YES;
				CLANG_WARN__DUPLICATE_METHOD_MATCH = YES;
				CODE_SIGN_IDENTITY = "iPhone Developer";
				COPY_PHASE_STRIP = NO;
				DEBUG_INFORMATION_FORMAT = dwarf;
				ENABLE_STRICT_OBJC_MSGSEND = YES;
				ENABLE_TESTABILITY = YES;
				GCC_C_LANGUAGE_STANDARD = gnu11;
				GCC_DYNAMIC_NO_PIC = NO;
				GCC_NO_COMMON_BLOCKS = YES;
				GCC_OPTIMIZATION_LEVEL = 0;
				GCC_PREPROCESSOR_DEFINITIONS = (
					"DEBUG=1",
					"$(inherited)",
				);
				GCC_WARN_64_TO_32_BIT_CONVERSION = YES;
				GCC_WARN_ABOUT_RETURN_TYPE = YES_ERROR;
				GCC_WARN_UNDECLARED_SELECTOR = YES;
				GCC_WARN_UNINITIALIZED_AUTOS = YES_AGGRESSIVE;
				GCC_WARN_UNUSED_FUNCTION = YES;
				GCC_WARN_UNUSED_VARIABLE = YES;
				IPHONEOS_DEPLOYMENT_TARGET = 11.4;
				MTL_ENABLE_DEBUG_INFO = YES;
				ONLY_ACTIVE_ARCH = YES;
				SDKROOT = iphoneos;
				SWIFT_ACTIVE_COMPILATION_CONDITIONS = DEBUG;
				SWIFT_OPTIMIZATION_LEVEL = "-Onone";
			};
			name = Debug;
		};
		ADA18DBD213E7F0000E3ACBB /* Release */ = {
			isa = XCBuildConfiguration;
			buildSettings = {
				ALWAYS_SEARCH_USER_PATHS = NO;
				CLANG_ANALYZER_NONNULL = YES;
				CLANG_ANALYZER_NUMBER_OBJECT_CONVERSION = YES_AGGRESSIVE;
				CLANG_CXX_LANGUAGE_STANDARD = "gnu++14";
				CLANG_CXX_LIBRARY = "libc++";
				CLANG_ENABLE_MODULES = YES;
				CLANG_ENABLE_OBJC_ARC = YES;
				CLANG_ENABLE_OBJC_WEAK = YES;
				CLANG_WARN_BLOCK_CAPTURE_AUTORELEASING = YES;
				CLANG_WARN_BOOL_CONVERSION = YES;
				CLANG_WARN_COMMA = YES;
				CLANG_WARN_CONSTANT_CONVERSION = YES;
				CLANG_WARN_DEPRECATED_OBJC_IMPLEMENTATIONS = YES;
				CLANG_WARN_DIRECT_OBJC_ISA_USAGE = YES_ERROR;
				CLANG_WARN_DOCUMENTATION_COMMENTS = YES;
				CLANG_WARN_EMPTY_BODY = YES;
				CLANG_WARN_ENUM_CONVERSION = YES;
				CLANG_WARN_INFINITE_RECURSION = YES;
				CLANG_WARN_INT_CONVERSION = YES;
				CLANG_WARN_NON_LITERAL_NULL_CONVERSION = YES;
				CLANG_WARN_OBJC_IMPLICIT_RETAIN_SELF = YES;
				CLANG_WARN_OBJC_LITERAL_CONVERSION = YES;
				CLANG_WARN_OBJC_ROOT_CLASS = YES_ERROR;
				CLANG_WARN_RANGE_LOOP_ANALYSIS = YES;
				CLANG_WARN_STRICT_PROTOTYPES = YES;
				CLANG_WARN_SUSPICIOUS_MOVE = YES;
				CLANG_WARN_UNGUARDED_AVAILABILITY = YES_AGGRESSIVE;
				CLANG_WARN_UNREACHABLE_CODE = YES;
				CLANG_WARN__DUPLICATE_METHOD_MATCH = YES;
				CODE_SIGN_IDENTITY = "iPhone Developer";
				COPY_PHASE_STRIP = NO;
				DEBUG_INFORMATION_FORMAT = "dwarf-with-dsym";
				ENABLE_NS_ASSERTIONS = NO;
				ENABLE_STRICT_OBJC_MSGSEND = YES;
				GCC_C_LANGUAGE_STANDARD = gnu11;
				GCC_NO_COMMON_BLOCKS = YES;
				GCC_WARN_64_TO_32_BIT_CONVERSION = YES;
				GCC_WARN_ABOUT_RETURN_TYPE = YES_ERROR;
				GCC_WARN_UNDECLARED_SELECTOR = YES;
				GCC_WARN_UNINITIALIZED_AUTOS = YES_AGGRESSIVE;
				GCC_WARN_UNUSED_FUNCTION = YES;
				GCC_WARN_UNUSED_VARIABLE = YES;
				IPHONEOS_DEPLOYMENT_TARGET = 11.4;
				MTL_ENABLE_DEBUG_INFO = NO;
				SDKROOT = iphoneos;
				SWIFT_COMPILATION_MODE = wholemodule;
				SWIFT_OPTIMIZATION_LEVEL = "-O";
				VALIDATE_PRODUCT = YES;
			};
			name = Release;
		};
		ADA18DBF213E7F0000E3ACBB /* Debug */ = {
			isa = XCBuildConfiguration;
			buildSettings = {
				ASSETCATALOG_COMPILER_APPICON_NAME = AppIcon;
				CODE_SIGN_STYLE = Automatic;
				DEVELOPMENT_TEAM = QHEPWB64JP;
				INFOPLIST_FILE = AnimateBlob/Info.plist;
				LD_RUNPATH_SEARCH_PATHS = (
					"$(inherited)",
					"@executable_path/Frameworks",
				);
				PRODUCT_BUNDLE_IDENTIFIER = com.sud.AnimateBlob;
				PRODUCT_NAME = "$(TARGET_NAME)";
				SWIFT_VERSION = 4.0;
				TARGETED_DEVICE_FAMILY = "1,2";
			};
			name = Debug;
		};
		ADA18DC0213E7F0000E3ACBB /* Release */ = {
			isa = XCBuildConfiguration;
			buildSettings = {
				ASSETCATALOG_COMPILER_APPICON_NAME = AppIcon;
				CODE_SIGN_STYLE = Automatic;
				DEVELOPMENT_TEAM = QHEPWB64JP;
				INFOPLIST_FILE = AnimateBlob/Info.plist;
				LD_RUNPATH_SEARCH_PATHS = (
					"$(inherited)",
					"@executable_path/Frameworks",
				);
				PRODUCT_BUNDLE_IDENTIFIER = com.sud.AnimateBlob;
				PRODUCT_NAME = "$(TARGET_NAME)";
				SWIFT_VERSION = 4.0;
				TARGETED_DEVICE_FAMILY = "1,2";
			};
			name = Release;
		};
/* End XCBuildConfiguration section */

/* Begin XCConfigurationList section */
		ADA18DA7213E7EFE00E3ACBB /* Build configuration list for PBXProject "AnimateBlob" */ = {
			isa = XCConfigurationList;
			buildConfigurations = (
				ADA18DBC213E7F0000E3ACBB /* Debug */,
				ADA18DBD213E7F0000E3ACBB /* Release */,
			);
			defaultConfigurationIsVisible = 0;
			defaultConfigurationName = Release;
		};
		ADA18DBE213E7F0000E3ACBB /* Build configuration list for PBXNativeTarget "AnimateBlob" */ = {
			isa = XCConfigurationList;
			buildConfigurations = (
				ADA18DBF213E7F0000E3ACBB /* Debug */,
				ADA18DC0213E7F0000E3ACBB /* Release */,
			);
			defaultConfigurationIsVisible = 0;
			defaultConfigurationName = Release;
		};
/* End XCConfigurationList section */
	};
	rootObject = ADA18DA4213E7EFE00E3ACBB /* Project object */;
}
